// !$*UTF8*$!
{
	archiveVersion = 1;
	classes = {
	};
	objectVersion = 48;
	objects = {

/* Begin PBXBuildFile section */
		50C4F0EC205BABDB00A75FB1 /* AppDelegate.swift in Sources */ = {isa = PBXBuildFile; fileRef = 50C4F0EB205BABDB00A75FB1 /* AppDelegate.swift */; };
		50C4F0EE205BABDB00A75FB1 /* Assets.xcassets in Resources */ = {isa = PBXBuildFile; fileRef = 50C4F0ED205BABDB00A75FB1 /* Assets.xcassets */; };
		50C4F0F1205BABDB00A75FB1 /* MainMenu.xib in Resources */ = {isa = PBXBuildFile; fileRef = 50C4F0EF205BABDB00A75FB1 /* MainMenu.xib */; };
		50C4F10B205BAD9200A75FB1 /* MainWindowController.swift in Sources */ = {isa = PBXBuildFile; fileRef = 50C4F109205BAD9200A75FB1 /* MainWindowController.swift */; };
		50C4F10C205BAD9200A75FB1 /* MainWindowController.xib in Resources */ = {isa = PBXBuildFile; fileRef = 50C4F10A205BAD9200A75FB1 /* MainWindowController.xib */; };
		50C4F118205BB2F300A75FB1 /* DirectoryReader.swift in Sources */ = {isa = PBXBuildFile; fileRef = 50C4F117205BB2F300A75FB1 /* DirectoryReader.swift */; };
		50C4F11A205BB4A700A75FB1 /* FileManager+DirectoryLister.swift in Sources */ = {isa = PBXBuildFile; fileRef = 50C4F119205BB4A700A75FB1 /* FileManager+DirectoryLister.swift */; };
		50C4F11C205BB4E100A75FB1 /* FileExistenceChecker.swift in Sources */ = {isa = PBXBuildFile; fileRef = 50C4F11B205BB4E100A75FB1 /* FileExistenceChecker.swift */; };
		50C4F11E205BB4FD00A75FB1 /* FileManager+FileExistenceChecker.swift in Sources */ = {isa = PBXBuildFile; fileRef = 50C4F11D205BB4FD00A75FB1 /* FileManager+FileExistenceChecker.swift */; };
		50C4F120205BB53E00A75FB1 /* DirectoryLister.swift in Sources */ = {isa = PBXBuildFile; fileRef = 50C4F11F205BB53E00A75FB1 /* DirectoryLister.swift */; };
		50C4F122205BB7AB00A75FB1 /* NoteFactory.swift in Sources */ = {isa = PBXBuildFile; fileRef = 50C4F121205BB7AB00A75FB1 /* NoteFactory.swift */; };
		50C4F124205BB84F00A75FB1 /* FileManager+DirectoryListerTests.swift in Sources */ = {isa = PBXBuildFile; fileRef = 50C4F123205BB84F00A75FB1 /* FileManager+DirectoryListerTests.swift */; };
		50C4F126205BB87C00A75FB1 /* TemporaryFilesHelpers.swift in Sources */ = {isa = PBXBuildFile; fileRef = 50C4F125205BB87C00A75FB1 /* TemporaryFilesHelpers.swift */; };
		50C4F128205BC00600A75FB1 /* ErrorHelpers.swift in Sources */ = {isa = PBXBuildFile; fileRef = 50C4F127205BC00600A75FB1 /* ErrorHelpers.swift */; };
		50C4F12A205BC04F00A75FB1 /* FileManager+ExistenceTests.swift in Sources */ = {isa = PBXBuildFile; fileRef = 50C4F129205BC04F00A75FB1 /* FileManager+ExistenceTests.swift */; };
		50C4F12C205BC07000A75FB1 /* DirectoryReaderTests.swift in Sources */ = {isa = PBXBuildFile; fileRef = 50C4F12B205BC07000A75FB1 /* DirectoryReaderTests.swift */; };
		50C4F12E205BF2BC00A75FB1 /* NotesViewController.swift in Sources */ = {isa = PBXBuildFile; fileRef = 50C4F12D205BF2BC00A75FB1 /* NotesViewController.swift */; };
		50C4F130205BF4F100A75FB1 /* Collection+safeSubscript.swift in Sources */ = {isa = PBXBuildFile; fileRef = 50C4F12F205BF4F100A75FB1 /* Collection+safeSubscript.swift */; };
		50C4F132205BF5B700A75FB1 /* NoteTableCellView.swift in Sources */ = {isa = PBXBuildFile; fileRef = 50C4F131205BF5B700A75FB1 /* NoteTableCellView.swift */; };
		50C4F134205BFE6F00A75FB1 /* ConversionViewController.swift in Sources */ = {isa = PBXBuildFile; fileRef = 50C4F133205BFE6F00A75FB1 /* ConversionViewController.swift */; };
/* End PBXBuildFile section */

/* Begin PBXContainerItemProxy section */
		50C4F0F9205BABDB00A75FB1 /* PBXContainerItemProxy */ = {
			isa = PBXContainerItemProxy;
			containerPortal = 50C4F0E0205BABDB00A75FB1 /* Project object */;
			proxyType = 1;
			remoteGlobalIDString = 50C4F0E7205BABDB00A75FB1;
			remoteInfo = TagConverter;
		};
/* End PBXContainerItemProxy section */

/* Begin PBXFileReference section */
		50C4F0E8205BABDB00A75FB1 /* TagConverter.app */ = {isa = PBXFileReference; explicitFileType = wrapper.application; includeInIndex = 0; path = TagConverter.app; sourceTree = BUILT_PRODUCTS_DIR; };
		50C4F0EB205BABDB00A75FB1 /* AppDelegate.swift */ = {isa = PBXFileReference; lastKnownFileType = sourcecode.swift; path = AppDelegate.swift; sourceTree = "<group>"; };
		50C4F0ED205BABDB00A75FB1 /* Assets.xcassets */ = {isa = PBXFileReference; lastKnownFileType = folder.assetcatalog; path = Assets.xcassets; sourceTree = "<group>"; };
		50C4F0F0205BABDB00A75FB1 /* Base */ = {isa = PBXFileReference; lastKnownFileType = file.xib; name = Base; path = Base.lproj/MainMenu.xib; sourceTree = "<group>"; };
		50C4F0F2205BABDB00A75FB1 /* Info.plist */ = {isa = PBXFileReference; lastKnownFileType = text.plist.xml; path = Info.plist; sourceTree = "<group>"; };
		50C4F0F3205BABDB00A75FB1 /* TagConverter.entitlements */ = {isa = PBXFileReference; lastKnownFileType = text.plist.entitlements; path = TagConverter.entitlements; sourceTree = "<group>"; };
		50C4F0F8205BABDB00A75FB1 /* TagConverterTests.xctest */ = {isa = PBXFileReference; explicitFileType = wrapper.cfbundle; includeInIndex = 0; path = TagConverterTests.xctest; sourceTree = BUILT_PRODUCTS_DIR; };
		50C4F0FE205BABDB00A75FB1 /* Info.plist */ = {isa = PBXFileReference; lastKnownFileType = text.plist.xml; path = Info.plist; sourceTree = "<group>"; };
		50C4F109205BAD9200A75FB1 /* MainWindowController.swift */ = {isa = PBXFileReference; lastKnownFileType = sourcecode.swift; path = MainWindowController.swift; sourceTree = "<group>"; };
		50C4F10A205BAD9200A75FB1 /* MainWindowController.xib */ = {isa = PBXFileReference; lastKnownFileType = file.xib; path = MainWindowController.xib; sourceTree = "<group>"; };
		50C4F117205BB2F300A75FB1 /* DirectoryReader.swift */ = {isa = PBXFileReference; lastKnownFileType = sourcecode.swift; path = DirectoryReader.swift; sourceTree = "<group>"; };
		50C4F119205BB4A700A75FB1 /* FileManager+DirectoryLister.swift */ = {isa = PBXFileReference; lastKnownFileType = sourcecode.swift; path = "FileManager+DirectoryLister.swift"; sourceTree = "<group>"; };
		50C4F11B205BB4E100A75FB1 /* FileExistenceChecker.swift */ = {isa = PBXFileReference; lastKnownFileType = sourcecode.swift; path = FileExistenceChecker.swift; sourceTree = "<group>"; };
		50C4F11D205BB4FD00A75FB1 /* FileManager+FileExistenceChecker.swift */ = {isa = PBXFileReference; lastKnownFileType = sourcecode.swift; path = "FileManager+FileExistenceChecker.swift"; sourceTree = "<group>"; };
		50C4F11F205BB53E00A75FB1 /* DirectoryLister.swift */ = {isa = PBXFileReference; lastKnownFileType = sourcecode.swift; path = DirectoryLister.swift; sourceTree = "<group>"; };
		50C4F121205BB7AB00A75FB1 /* NoteFactory.swift */ = {isa = PBXFileReference; lastKnownFileType = sourcecode.swift; path = NoteFactory.swift; sourceTree = "<group>"; };
		50C4F123205BB84F00A75FB1 /* FileManager+DirectoryListerTests.swift */ = {isa = PBXFileReference; lastKnownFileType = sourcecode.swift; path = "FileManager+DirectoryListerTests.swift"; sourceTree = "<group>"; };
		50C4F125205BB87C00A75FB1 /* TemporaryFilesHelpers.swift */ = {isa = PBXFileReference; lastKnownFileType = sourcecode.swift; path = TemporaryFilesHelpers.swift; sourceTree = "<group>"; };
		50C4F127205BC00600A75FB1 /* ErrorHelpers.swift */ = {isa = PBXFileReference; lastKnownFileType = sourcecode.swift; path = ErrorHelpers.swift; sourceTree = "<group>"; };
		50C4F129205BC04F00A75FB1 /* FileManager+ExistenceTests.swift */ = {isa = PBXFileReference; lastKnownFileType = sourcecode.swift; path = "FileManager+ExistenceTests.swift"; sourceTree = "<group>"; };
		50C4F12B205BC07000A75FB1 /* DirectoryReaderTests.swift */ = {isa = PBXFileReference; lastKnownFileType = sourcecode.swift; path = DirectoryReaderTests.swift; sourceTree = "<group>"; };
		50C4F12D205BF2BC00A75FB1 /* NotesViewController.swift */ = {isa = PBXFileReference; lastKnownFileType = sourcecode.swift; path = NotesViewController.swift; sourceTree = "<group>"; };
		50C4F12F205BF4F100A75FB1 /* Collection+safeSubscript.swift */ = {isa = PBXFileReference; lastKnownFileType = sourcecode.swift; path = "Collection+safeSubscript.swift"; sourceTree = "<group>"; };
		50C4F131205BF5B700A75FB1 /* NoteTableCellView.swift */ = {isa = PBXFileReference; lastKnownFileType = sourcecode.swift; path = NoteTableCellView.swift; sourceTree = "<group>"; };
		50C4F133205BFE6F00A75FB1 /* ConversionViewController.swift */ = {isa = PBXFileReference; lastKnownFileType = sourcecode.swift; path = ConversionViewController.swift; sourceTree = "<group>"; };
/* End PBXFileReference section */

/* Begin PBXFrameworksBuildPhase section */
		50C4F0E5205BABDB00A75FB1 /* Frameworks */ = {
			isa = PBXFrameworksBuildPhase;
			buildActionMask = 2147483647;
			files = (
			);
			runOnlyForDeploymentPostprocessing = 0;
		};
		50C4F0F5205BABDB00A75FB1 /* Frameworks */ = {
			isa = PBXFrameworksBuildPhase;
			buildActionMask = 2147483647;
			files = (
			);
			runOnlyForDeploymentPostprocessing = 0;
		};
/* End PBXFrameworksBuildPhase section */

/* Begin PBXGroup section */
		50C4F0DF205BABDB00A75FB1 = {
			isa = PBXGroup;
			children = (
				50C4F0EA205BABDB00A75FB1 /* TagConverter */,
				50C4F0FB205BABDB00A75FB1 /* TagConverterTests */,
				50C4F0E9205BABDB00A75FB1 /* Products */,
			);
			sourceTree = "<group>";
		};
		50C4F0E9205BABDB00A75FB1 /* Products */ = {
			isa = PBXGroup;
			children = (
				50C4F0E8205BABDB00A75FB1 /* TagConverter.app */,
				50C4F0F8205BABDB00A75FB1 /* TagConverterTests.xctest */,
			);
			name = Products;
			sourceTree = "<group>";
		};
		50C4F0EA205BABDB00A75FB1 /* TagConverter */ = {
			isa = PBXGroup;
			children = (
				50C4F0EB205BABDB00A75FB1 /* AppDelegate.swift */,
				50C4F137205C0B5200A75FB1 /* Application Services */,
				50C4F135205C0B3D00A75FB1 /* UI */,
				50C4F136205C0B4900A75FB1 /* Util */,
				50C4F0F2205BABDB00A75FB1 /* Info.plist */,
				50C4F0F3205BABDB00A75FB1 /* TagConverter.entitlements */,
			);
			path = TagConverter;
			sourceTree = "<group>";
		};
		50C4F0FB205BABDB00A75FB1 /* TagConverterTests */ = {
			isa = PBXGroup;
			children = (
				50C4F12B205BC07000A75FB1 /* DirectoryReaderTests.swift */,
				50C4F123205BB84F00A75FB1 /* FileManager+DirectoryListerTests.swift */,
				50C4F129205BC04F00A75FB1 /* FileManager+ExistenceTests.swift */,
				50C4F125205BB87C00A75FB1 /* TemporaryFilesHelpers.swift */,
				50C4F127205BC00600A75FB1 /* ErrorHelpers.swift */,
				50C4F0FE205BABDB00A75FB1 /* Info.plist */,
			);
			path = TagConverterTests;
			sourceTree = "<group>";
		};
		50C4F135205C0B3D00A75FB1 /* UI */ = {
			isa = PBXGroup;
			children = (
				50C4F109205BAD9200A75FB1 /* MainWindowController.swift */,
				50C4F10A205BAD9200A75FB1 /* MainWindowController.xib */,
				50C4F133205BFE6F00A75FB1 /* ConversionViewController.swift */,
				50C4F12D205BF2BC00A75FB1 /* NotesViewController.swift */,
				50C4F131205BF5B700A75FB1 /* NoteTableCellView.swift */,
				50C4F0ED205BABDB00A75FB1 /* Assets.xcassets */,
				50C4F0EF205BABDB00A75FB1 /* MainMenu.xib */,
			);
			path = UI;
			sourceTree = "<group>";
		};
		50C4F136205C0B4900A75FB1 /* Util */ = {
			isa = PBXGroup;
			children = (
				50C4F12F205BF4F100A75FB1 /* Collection+safeSubscript.swift */,
				50C4F119205BB4A700A75FB1 /* FileManager+DirectoryLister.swift */,
				50C4F11D205BB4FD00A75FB1 /* FileManager+FileExistenceChecker.swift */,
			);
			path = Util;
			sourceTree = "<group>";
		};
		50C4F137205C0B5200A75FB1 /* Application Services */ = {
			isa = PBXGroup;
			children = (
				50C4F117205BB2F300A75FB1 /* DirectoryReader.swift */,
				50C4F121205BB7AB00A75FB1 /* NoteFactory.swift */,
				50C4F11F205BB53E00A75FB1 /* DirectoryLister.swift */,
				50C4F11B205BB4E100A75FB1 /* FileExistenceChecker.swift */,
			);
			path = "Application Services";
			sourceTree = "<group>";
		};
/* End PBXGroup section */

/* Begin PBXNativeTarget section */
		50C4F0E7205BABDB00A75FB1 /* TagConverter */ = {
			isa = PBXNativeTarget;
			buildConfigurationList = 50C4F101205BABDB00A75FB1 /* Build configuration list for PBXNativeTarget "TagConverter" */;
			buildPhases = (
				50C4F0E4205BABDB00A75FB1 /* Sources */,
				50C4F0E5205BABDB00A75FB1 /* Frameworks */,
				50C4F0E6205BABDB00A75FB1 /* Resources */,
			);
			buildRules = (
			);
			dependencies = (
			);
			name = TagConverter;
			productName = TagConverter;
			productReference = 50C4F0E8205BABDB00A75FB1 /* TagConverter.app */;
			productType = "com.apple.product-type.application";
		};
		50C4F0F7205BABDB00A75FB1 /* TagConverterTests */ = {
			isa = PBXNativeTarget;
			buildConfigurationList = 50C4F104205BABDB00A75FB1 /* Build configuration list for PBXNativeTarget "TagConverterTests" */;
			buildPhases = (
				50C4F0F4205BABDB00A75FB1 /* Sources */,
				50C4F0F5205BABDB00A75FB1 /* Frameworks */,
				50C4F0F6205BABDB00A75FB1 /* Resources */,
			);
			buildRules = (
			);
			dependencies = (
				50C4F0FA205BABDB00A75FB1 /* PBXTargetDependency */,
			);
			name = TagConverterTests;
			productName = TagConverterTests;
			productReference = 50C4F0F8205BABDB00A75FB1 /* TagConverterTests.xctest */;
			productType = "com.apple.product-type.bundle.unit-test";
		};
/* End PBXNativeTarget section */

/* Begin PBXProject section */
		50C4F0E0205BABDB00A75FB1 /* Project object */ = {
			isa = PBXProject;
			attributes = {
				LastSwiftUpdateCheck = 0920;
				LastUpgradeCheck = 0920;
				ORGANIZATIONNAME = "Christian Tietze";
				TargetAttributes = {
					50C4F0E7205BABDB00A75FB1 = {
						CreatedOnToolsVersion = 9.2;
						ProvisioningStyle = Automatic;
						SystemCapabilities = {
							com.apple.Sandbox = {
								enabled = 0;
							};
						};
					};
					50C4F0F7205BABDB00A75FB1 = {
						CreatedOnToolsVersion = 9.2;
						ProvisioningStyle = Automatic;
						TestTargetID = 50C4F0E7205BABDB00A75FB1;
					};
				};
			};
			buildConfigurationList = 50C4F0E3205BABDB00A75FB1 /* Build configuration list for PBXProject "TagConverter" */;
			compatibilityVersion = "Xcode 8.0";
			developmentRegion = en;
			hasScannedForEncodings = 0;
			knownRegions = (
				en,
				Base,
			);
			mainGroup = 50C4F0DF205BABDB00A75FB1;
			productRefGroup = 50C4F0E9205BABDB00A75FB1 /* Products */;
			projectDirPath = "";
			projectRoot = "";
			targets = (
				50C4F0E7205BABDB00A75FB1 /* TagConverter */,
				50C4F0F7205BABDB00A75FB1 /* TagConverterTests */,
			);
		};
/* End PBXProject section */

/* Begin PBXResourcesBuildPhase section */
		50C4F0E6205BABDB00A75FB1 /* Resources */ = {
			isa = PBXResourcesBuildPhase;
			buildActionMask = 2147483647;
			files = (
				50C4F0EE205BABDB00A75FB1 /* Assets.xcassets in Resources */,
				50C4F10C205BAD9200A75FB1 /* MainWindowController.xib in Resources */,
				50C4F0F1205BABDB00A75FB1 /* MainMenu.xib in Resources */,
			);
			runOnlyForDeploymentPostprocessing = 0;
		};
		50C4F0F6205BABDB00A75FB1 /* Resources */ = {
			isa = PBXResourcesBuildPhase;
			buildActionMask = 2147483647;
			files = (
			);
			runOnlyForDeploymentPostprocessing = 0;
		};
/* End PBXResourcesBuildPhase section */

/* Begin PBXSourcesBuildPhase section */
		50C4F0E4205BABDB00A75FB1 /* Sources */ = {
			isa = PBXSourcesBuildPhase;
			buildActionMask = 2147483647;
			files = (
				50C4F11E205BB4FD00A75FB1 /* FileManager+FileExistenceChecker.swift in Sources */,
				50C4F132205BF5B700A75FB1 /* NoteTableCellView.swift in Sources */,
				50C4F118205BB2F300A75FB1 /* DirectoryReader.swift in Sources */,
				50C4F122205BB7AB00A75FB1 /* NoteFactory.swift in Sources */,
				50C4F10B205BAD9200A75FB1 /* MainWindowController.swift in Sources */,
				50C4F120205BB53E00A75FB1 /* DirectoryLister.swift in Sources */,
				50C4F12E205BF2BC00A75FB1 /* NotesViewController.swift in Sources */,
				50C4F130205BF4F100A75FB1 /* Collection+safeSubscript.swift in Sources */,
				50C4F11C205BB4E100A75FB1 /* FileExistenceChecker.swift in Sources */,
				50C4F11A205BB4A700A75FB1 /* FileManager+DirectoryLister.swift in Sources */,
				50C4F134205BFE6F00A75FB1 /* ConversionViewController.swift in Sources */,
				50C4F0EC205BABDB00A75FB1 /* AppDelegate.swift in Sources */,
			);
			runOnlyForDeploymentPostprocessing = 0;
		};
		50C4F0F4205BABDB00A75FB1 /* Sources */ = {
			isa = PBXSourcesBuildPhase;
			buildActionMask = 2147483647;
			files = (
				50C4F12C205BC07000A75FB1 /* DirectoryReaderTests.swift in Sources */,
				50C4F12A205BC04F00A75FB1 /* FileManager+ExistenceTests.swift in Sources */,
				50C4F126205BB87C00A75FB1 /* TemporaryFilesHelpers.swift in Sources */,
				50C4F124205BB84F00A75FB1 /* FileManager+DirectoryListerTests.swift in Sources */,
				50C4F128205BC00600A75FB1 /* ErrorHelpers.swift in Sources */,
			);
			runOnlyForDeploymentPostprocessing = 0;
		};
/* End PBXSourcesBuildPhase section */

/* Begin PBXTargetDependency section */
		50C4F0FA205BABDB00A75FB1 /* PBXTargetDependency */ = {
			isa = PBXTargetDependency;
			target = 50C4F0E7205BABDB00A75FB1 /* TagConverter */;
			targetProxy = 50C4F0F9205BABDB00A75FB1 /* PBXContainerItemProxy */;
		};
/* End PBXTargetDependency section */

/* Begin PBXVariantGroup section */
		50C4F0EF205BABDB00A75FB1 /* MainMenu.xib */ = {
			isa = PBXVariantGroup;
			children = (
				50C4F0F0205BABDB00A75FB1 /* Base */,
			);
			name = MainMenu.xib;
			sourceTree = "<group>";
		};
/* End PBXVariantGroup section */

/* Begin XCBuildConfiguration section */
		50C4F0FF205BABDB00A75FB1 /* Debug */ = {
			isa = XCBuildConfiguration;
			buildSettings = {
				ALWAYS_SEARCH_USER_PATHS = NO;
				CLANG_ANALYZER_NONNULL = YES;
				CLANG_ANALYZER_NUMBER_OBJECT_CONVERSION = YES_AGGRESSIVE;
				CLANG_CXX_LANGUAGE_STANDARD = "gnu++14";
				CLANG_CXX_LIBRARY = "libc++";
				CLANG_ENABLE_MODULES = YES;
				CLANG_ENABLE_OBJC_ARC = YES;
				CLANG_WARN_BLOCK_CAPTURE_AUTORELEASING = YES;
				CLANG_WARN_BOOL_CONVERSION = YES;
				CLANG_WARN_COMMA = YES;
				CLANG_WARN_CONSTANT_CONVERSION = YES;
				CLANG_WARN_DIRECT_OBJC_ISA_USAGE = YES_ERROR;
				CLANG_WARN_DOCUMENTATION_COMMENTS = YES;
				CLANG_WARN_EMPTY_BODY = YES;
				CLANG_WARN_ENUM_CONVERSION = YES;
				CLANG_WARN_INFINITE_RECURSION = YES;
				CLANG_WARN_INT_CONVERSION = YES;
				CLANG_WARN_NON_LITERAL_NULL_CONVERSION = YES;
				CLANG_WARN_OBJC_LITERAL_CONVERSION = YES;
				CLANG_WARN_OBJC_ROOT_CLASS = YES_ERROR;
				CLANG_WARN_RANGE_LOOP_ANALYSIS = YES;
				CLANG_WARN_STRICT_PROTOTYPES = YES;
				CLANG_WARN_SUSPICIOUS_MOVE = YES;
				CLANG_WARN_UNGUARDED_AVAILABILITY = YES_AGGRESSIVE;
				CLANG_WARN_UNREACHABLE_CODE = YES;
				CLANG_WARN__DUPLICATE_METHOD_MATCH = YES;
				CODE_SIGN_IDENTITY = "Mac Developer";
				COPY_PHASE_STRIP = NO;
				DEBUG_INFORMATION_FORMAT = dwarf;
				ENABLE_STRICT_OBJC_MSGSEND = YES;
				ENABLE_TESTABILITY = YES;
				GCC_C_LANGUAGE_STANDARD = gnu11;
				GCC_DYNAMIC_NO_PIC = NO;
				GCC_NO_COMMON_BLOCKS = YES;
				GCC_OPTIMIZATION_LEVEL = 0;
				GCC_PREPROCESSOR_DEFINITIONS = (
					"DEBUG=1",
					"$(inherited)",
				);
				GCC_WARN_64_TO_32_BIT_CONVERSION = YES;
				GCC_WARN_ABOUT_RETURN_TYPE = YES_ERROR;
				GCC_WARN_UNDECLARED_SELECTOR = YES;
				GCC_WARN_UNINITIALIZED_AUTOS = YES_AGGRESSIVE;
				GCC_WARN_UNUSED_FUNCTION = YES;
				GCC_WARN_UNUSED_VARIABLE = YES;
				MACOSX_DEPLOYMENT_TARGET = 10.11;
				MTL_ENABLE_DEBUG_INFO = YES;
				ONLY_ACTIVE_ARCH = YES;
				SDKROOT = macosx;
				SWIFT_ACTIVE_COMPILATION_CONDITIONS = DEBUG;
				SWIFT_OPTIMIZATION_LEVEL = "-Onone";
			};
			name = Debug;
		};
		50C4F100205BABDB00A75FB1 /* Release */ = {
			isa = XCBuildConfiguration;
			buildSettings = {
				ALWAYS_SEARCH_USER_PATHS = NO;
				CLANG_ANALYZER_NONNULL = YES;
				CLANG_ANALYZER_NUMBER_OBJECT_CONVERSION = YES_AGGRESSIVE;
				CLANG_CXX_LANGUAGE_STANDARD = "gnu++14";
				CLANG_CXX_LIBRARY = "libc++";
				CLANG_ENABLE_MODULES = YES;
				CLANG_ENABLE_OBJC_ARC = YES;
				CLANG_WARN_BLOCK_CAPTURE_AUTORELEASING = YES;
				CLANG_WARN_BOOL_CONVERSION = YES;
				CLANG_WARN_COMMA = YES;
				CLANG_WARN_CONSTANT_CONVERSION = YES;
				CLANG_WARN_DIRECT_OBJC_ISA_USAGE = YES_ERROR;
				CLANG_WARN_DOCUMENTATION_COMMENTS = YES;
				CLANG_WARN_EMPTY_BODY = YES;
				CLANG_WARN_ENUM_CONVERSION = YES;
				CLANG_WARN_INFINITE_RECURSION = YES;
				CLANG_WARN_INT_CONVERSION = YES;
				CLANG_WARN_NON_LITERAL_NULL_CONVERSION = YES;
				CLANG_WARN_OBJC_LITERAL_CONVERSION = YES;
				CLANG_WARN_OBJC_ROOT_CLASS = YES_ERROR;
				CLANG_WARN_RANGE_LOOP_ANALYSIS = YES;
				CLANG_WARN_STRICT_PROTOTYPES = YES;
				CLANG_WARN_SUSPICIOUS_MOVE = YES;
				CLANG_WARN_UNGUARDED_AVAILABILITY = YES_AGGRESSIVE;
				CLANG_WARN_UNREACHABLE_CODE = YES;
				CLANG_WARN__DUPLICATE_METHOD_MATCH = YES;
				CODE_SIGN_IDENTITY = "Mac Developer";
				COPY_PHASE_STRIP = NO;
				DEBUG_INFORMATION_FORMAT = "dwarf-with-dsym";
				ENABLE_NS_ASSERTIONS = NO;
				ENABLE_STRICT_OBJC_MSGSEND = YES;
				GCC_C_LANGUAGE_STANDARD = gnu11;
				GCC_NO_COMMON_BLOCKS = YES;
				GCC_WARN_64_TO_32_BIT_CONVERSION = YES;
				GCC_WARN_ABOUT_RETURN_TYPE = YES_ERROR;
				GCC_WARN_UNDECLARED_SELECTOR = YES;
				GCC_WARN_UNINITIALIZED_AUTOS = YES_AGGRESSIVE;
				GCC_WARN_UNUSED_FUNCTION = YES;
				GCC_WARN_UNUSED_VARIABLE = YES;
				MACOSX_DEPLOYMENT_TARGET = 10.11;
				MTL_ENABLE_DEBUG_INFO = NO;
				SDKROOT = macosx;
				SWIFT_OPTIMIZATION_LEVEL = "-Owholemodule";
			};
			name = Release;
		};
		50C4F102205BABDB00A75FB1 /* Debug */ = {
			isa = XCBuildConfiguration;
			buildSettings = {
				ASSETCATALOG_COMPILER_APPICON_NAME = AppIcon;
				CODE_SIGN_STYLE = Automatic;
				COMBINE_HIDPI_IMAGES = YES;
				DEVELOPMENT_TEAM = FRMDA3XRGC;
				INFOPLIST_FILE = TagConverter/Info.plist;
				LD_RUNPATH_SEARCH_PATHS = "$(inherited) @executable_path/../Frameworks";
				PRODUCT_BUNDLE_IDENTIFIER = de.christiantietze.TagConverter;
				PRODUCT_NAME = "$(TARGET_NAME)";
				SWIFT_VERSION = 4.0;
			};
			name = Debug;
		};
		50C4F103205BABDB00A75FB1 /* Release */ = {
			isa = XCBuildConfiguration;
			buildSettings = {
				ASSETCATALOG_COMPILER_APPICON_NAME = AppIcon;
				CODE_SIGN_STYLE = Automatic;
				COMBINE_HIDPI_IMAGES = YES;
				DEVELOPMENT_TEAM = FRMDA3XRGC;
				INFOPLIST_FILE = TagConverter/Info.plist;
				LD_RUNPATH_SEARCH_PATHS = "$(inherited) @executable_path/../Frameworks";
				PRODUCT_BUNDLE_IDENTIFIER = de.christiantietze.TagConverter;
				PRODUCT_NAME = "$(TARGET_NAME)";
				SWIFT_VERSION = 4.0;
			};
			name = Release;
		};
		50C4F105205BABDB00A75FB1 /* Debug */ = {
			isa = XCBuildConfiguration;
			buildSettings = {
				ALWAYS_EMBED_SWIFT_STANDARD_LIBRARIES = YES;
				BUNDLE_LOADER = "$(TEST_HOST)";
				CODE_SIGN_STYLE = Automatic;
				COMBINE_HIDPI_IMAGES = YES;
				DEVELOPMENT_TEAM = FRMDA3XRGC;
				INFOPLIST_FILE = TagConverterTests/Info.plist;
				LD_RUNPATH_SEARCH_PATHS = "$(inherited) @executable_path/../Frameworks @loader_path/../Frameworks";
				PRODUCT_BUNDLE_IDENTIFIER = de.christiantietze.TagConverterTests;
				PRODUCT_NAME = "$(TARGET_NAME)";
				SWIFT_VERSION = 4.0;
				TEST_HOST = "$(BUILT_PRODUCTS_DIR)/TagConverter.app/Contents/MacOS/TagConverter";
			};
			name = Debug;
		};
		50C4F106205BABDB00A75FB1 /* Release */ = {
			isa = XCBuildConfiguration;
			buildSettings = {
				ALWAYS_EMBED_SWIFT_STANDARD_LIBRARIES = YES;
				BUNDLE_LOADER = "$(TEST_HOST)";
				CODE_SIGN_STYLE = Automatic;
				COMBINE_HIDPI_IMAGES = YES;
				DEVELOPMENT_TEAM = FRMDA3XRGC;
				INFOPLIST_FILE = TagConverterTests/Info.plist;
				LD_RUNPATH_SEARCH_PATHS = "$(inherited) @executable_path/../Frameworks @loader_path/../Frameworks";
				PRODUCT_BUNDLE_IDENTIFIER = de.christiantietze.TagConverterTests;
				PRODUCT_NAME = "$(TARGET_NAME)";
				SWIFT_VERSION = 4.0;
				TEST_HOST = "$(BUILT_PRODUCTS_DIR)/TagConverter.app/Contents/MacOS/TagConverter";
			};
			name = Release;
		};
/* End XCBuildConfiguration section */

/* Begin XCConfigurationList section */
		50C4F0E3205BABDB00A75FB1 /* Build configuration list for PBXProject "TagConverter" */ = {
			isa = XCConfigurationList;
			buildConfigurations = (
				50C4F0FF205BABDB00A75FB1 /* Debug */,
				50C4F100205BABDB00A75FB1 /* Release */,
			);
			defaultConfigurationIsVisible = 0;
			defaultConfigurationName = Release;
		};
		50C4F101205BABDB00A75FB1 /* Build configuration list for PBXNativeTarget "TagConverter" */ = {
			isa = XCConfigurationList;
			buildConfigurations = (
				50C4F102205BABDB00A75FB1 /* Debug */,
				50C4F103205BABDB00A75FB1 /* Release */,
			);
			defaultConfigurationIsVisible = 0;
			defaultConfigurationName = Release;
		};
		50C4F104205BABDB00A75FB1 /* Build configuration list for PBXNativeTarget "TagConverterTests" */ = {
			isa = XCConfigurationList;
			buildConfigurations = (
				50C4F105205BABDB00A75FB1 /* Debug */,
				50C4F106205BABDB00A75FB1 /* Release */,
			);
			defaultConfigurationIsVisible = 0;
			defaultConfigurationName = Release;
		};
/* End XCConfigurationList section */
	};
	rootObject = 50C4F0E0205BABDB00A75FB1 /* Project object */;
}
